// !$*UTF8*$!
{
	archiveVersion = 1;
	classes = {
	};
	objectVersion = 50;
	objects = {

/* Begin PBXBuildFile section */
		659028D720FC62E600376B0C /* AppDelegate.swift in Sources */ = {isa = PBXBuildFile; fileRef = 659028D620FC62E600376B0C /* AppDelegate.swift */; };
		659028D920FC62E600376B0C /* ViewController.swift in Sources */ = {isa = PBXBuildFile; fileRef = 659028D820FC62E600376B0C /* ViewController.swift */; };
		659028DC20FC62E600376B0C /* Main.storyboard in Resources */ = {isa = PBXBuildFile; fileRef = 659028DA20FC62E600376B0C /* Main.storyboard */; };
		659028DE20FC62E900376B0C /* Assets.xcassets in Resources */ = {isa = PBXBuildFile; fileRef = 659028DD20FC62E900376B0C /* Assets.xcassets */; };
		659028E120FC62E900376B0C /* LaunchScreen.storyboard in Resources */ = {isa = PBXBuildFile; fileRef = 659028DF20FC62E900376B0C /* LaunchScreen.storyboard */; };
		659028EC20FC62EA00376B0C /* UpdateTableViewWithoutReloadTests.swift in Sources */ = {isa = PBXBuildFile; fileRef = 659028EB20FC62EA00376B0C /* UpdateTableViewWithoutReloadTests.swift */; };
		659028F720FC62EA00376B0C /* UpdateTableViewWithoutReloadUITests.swift in Sources */ = {isa = PBXBuildFile; fileRef = 659028F620FC62EA00376B0C /* UpdateTableViewWithoutReloadUITests.swift */; };
/* End PBXBuildFile section */

/* Begin PBXContainerItemProxy section */
		659028E820FC62EA00376B0C /* PBXContainerItemProxy */ = {
			isa = PBXContainerItemProxy;
			containerPortal = 659028CB20FC62E600376B0C /* Project object */;
			proxyType = 1;
			remoteGlobalIDString = 659028D220FC62E600376B0C;
			remoteInfo = UpdateTableViewWithoutReload;
		};
		659028F320FC62EA00376B0C /* PBXContainerItemProxy */ = {
			isa = PBXContainerItemProxy;
			containerPortal = 659028CB20FC62E600376B0C /* Project object */;
			proxyType = 1;
			remoteGlobalIDString = 659028D220FC62E600376B0C;
			remoteInfo = UpdateTableViewWithoutReload;
		};
/* End PBXContainerItemProxy section */

/* Begin PBXFileReference section */
		659028D320FC62E600376B0C /* UpdateTableViewWithoutReload.app */ = {isa = PBXFileReference; explicitFileType = wrapper.application; includeInIndex = 0; path = UpdateTableViewWithoutReload.app; sourceTree = BUILT_PRODUCTS_DIR; };
		659028D620FC62E600376B0C /* AppDelegate.swift */ = {isa = PBXFileReference; lastKnownFileType = sourcecode.swift; path = AppDelegate.swift; sourceTree = "<group>"; };
		659028D820FC62E600376B0C /* ViewController.swift */ = {isa = PBXFileReference; lastKnownFileType = sourcecode.swift; path = ViewController.swift; sourceTree = "<group>"; };
		659028DB20FC62E600376B0C /* Base */ = {isa = PBXFileReference; lastKnownFileType = file.storyboard; name = Base; path = Base.lproj/Main.storyboard; sourceTree = "<group>"; };
		659028DD20FC62E900376B0C /* Assets.xcassets */ = {isa = PBXFileReference; lastKnownFileType = folder.assetcatalog; path = Assets.xcassets; sourceTree = "<group>"; };
		659028E020FC62E900376B0C /* Base */ = {isa = PBXFileReference; lastKnownFileType = file.storyboard; name = Base; path = Base.lproj/LaunchScreen.storyboard; sourceTree = "<group>"; };
		659028E220FC62E900376B0C /* Info.plist */ = {isa = PBXFileReference; lastKnownFileType = text.plist.xml; path = Info.plist; sourceTree = "<group>"; };
		659028E720FC62EA00376B0C /* UpdateTableViewWithoutReloadTests.xctest */ = {isa = PBXFileReference; explicitFileType = wrapper.cfbundle; includeInIndex = 0; path = UpdateTableViewWithoutReloadTests.xctest; sourceTree = BUILT_PRODUCTS_DIR; };
		659028EB20FC62EA00376B0C /* UpdateTableViewWithoutReloadTests.swift */ = {isa = PBXFileReference; lastKnownFileType = sourcecode.swift; path = UpdateTableViewWithoutReloadTests.swift; sourceTree = "<group>"; };
		659028ED20FC62EA00376B0C /* Info.plist */ = {isa = PBXFileReference; lastKnownFileType = text.plist.xml; path = Info.plist; sourceTree = "<group>"; };
		659028F220FC62EA00376B0C /* UpdateTableViewWithoutReloadUITests.xctest */ = {isa = PBXFileReference; explicitFileType = wrapper.cfbundle; includeInIndex = 0; path = UpdateTableViewWithoutReloadUITests.xctest; sourceTree = BUILT_PRODUCTS_DIR; };
		659028F620FC62EA00376B0C /* UpdateTableViewWithoutReloadUITests.swift */ = {isa = PBXFileReference; lastKnownFileType = sourcecode.swift; path = UpdateTableViewWithoutReloadUITests.swift; sourceTree = "<group>"; };
		659028F820FC62EA00376B0C /* Info.plist */ = {isa = PBXFileReference; lastKnownFileType = text.plist.xml; path = Info.plist; sourceTree = "<group>"; };
/* End PBXFileReference section */

/* Begin PBXFrameworksBuildPhase section */
		659028D020FC62E600376B0C /* Frameworks */ = {
			isa = PBXFrameworksBuildPhase;
			buildActionMask = 2147483647;
			files = (
			);
			runOnlyForDeploymentPostprocessing = 0;
		};
		659028E420FC62EA00376B0C /* Frameworks */ = {
			isa = PBXFrameworksBuildPhase;
			buildActionMask = 2147483647;
			files = (
			);
			runOnlyForDeploymentPostprocessing = 0;
		};
		659028EF20FC62EA00376B0C /* Frameworks */ = {
			isa = PBXFrameworksBuildPhase;
			buildActionMask = 2147483647;
			files = (
			);
			runOnlyForDeploymentPostprocessing = 0;
		};
/* End PBXFrameworksBuildPhase section */

/* Begin PBXGroup section */
		659028CA20FC62E600376B0C = {
			isa = PBXGroup;
			children = (
				659028D520FC62E600376B0C /* UpdateTableViewWithoutReload */,
				659028EA20FC62EA00376B0C /* UpdateTableViewWithoutReloadTests */,
				659028F520FC62EA00376B0C /* UpdateTableViewWithoutReloadUITests */,
				659028D420FC62E600376B0C /* Products */,
			);
			sourceTree = "<group>";
		};
		659028D420FC62E600376B0C /* Products */ = {
			isa = PBXGroup;
			children = (
				659028D320FC62E600376B0C /* UpdateTableViewWithoutReload.app */,
				659028E720FC62EA00376B0C /* UpdateTableViewWithoutReloadTests.xctest */,
				659028F220FC62EA00376B0C /* UpdateTableViewWithoutReloadUITests.xctest */,
			);
			name = Products;
			sourceTree = "<group>";
		};
		659028D520FC62E600376B0C /* UpdateTableViewWithoutReload */ = {
			isa = PBXGroup;
			children = (
				659028D620FC62E600376B0C /* AppDelegate.swift */,
				659028D820FC62E600376B0C /* ViewController.swift */,
				659028DA20FC62E600376B0C /* Main.storyboard */,
				659028DD20FC62E900376B0C /* Assets.xcassets */,
				659028DF20FC62E900376B0C /* LaunchScreen.storyboard */,
				659028E220FC62E900376B0C /* Info.plist */,
			);
			path = UpdateTableViewWithoutReload;
			sourceTree = "<group>";
		};
		659028EA20FC62EA00376B0C /* UpdateTableViewWithoutReloadTests */ = {
			isa = PBXGroup;
			children = (
				659028EB20FC62EA00376B0C /* UpdateTableViewWithoutReloadTests.swift */,
				659028ED20FC62EA00376B0C /* Info.plist */,
			);
			path = UpdateTableViewWithoutReloadTests;
			sourceTree = "<group>";
		};
		659028F520FC62EA00376B0C /* UpdateTableViewWithoutReloadUITests */ = {
			isa = PBXGroup;
			children = (
				659028F620FC62EA00376B0C /* UpdateTableViewWithoutReloadUITests.swift */,
				659028F820FC62EA00376B0C /* Info.plist */,
			);
			path = UpdateTableViewWithoutReloadUITests;
			sourceTree = "<group>";
		};
/* End PBXGroup section */

/* Begin PBXNativeTarget section */
		659028D220FC62E600376B0C /* UpdateTableViewWithoutReload */ = {
			isa = PBXNativeTarget;
			buildConfigurationList = 659028FB20FC62EA00376B0C /* Build configuration list for PBXNativeTarget "UpdateTableViewWithoutReload" */;
			buildPhases = (
				659028CF20FC62E600376B0C /* Sources */,
				659028D020FC62E600376B0C /* Frameworks */,
				659028D120FC62E600376B0C /* Resources */,
			);
			buildRules = (
			);
			dependencies = (
			);
			name = UpdateTableViewWithoutReload;
			productName = UpdateTableViewWithoutReload;
			productReference = 659028D320FC62E600376B0C /* UpdateTableViewWithoutReload.app */;
			productType = "com.apple.product-type.application";
		};
		659028E620FC62EA00376B0C /* UpdateTableViewWithoutReloadTests */ = {
			isa = PBXNativeTarget;
			buildConfigurationList = 659028FE20FC62EA00376B0C /* Build configuration list for PBXNativeTarget "UpdateTableViewWithoutReloadTests" */;
			buildPhases = (
				659028E320FC62EA00376B0C /* Sources */,
				659028E420FC62EA00376B0C /* Frameworks */,
				659028E520FC62EA00376B0C /* Resources */,
			);
			buildRules = (
			);
			dependencies = (
				659028E920FC62EA00376B0C /* PBXTargetDependency */,
			);
			name = UpdateTableViewWithoutReloadTests;
			productName = UpdateTableViewWithoutReloadTests;
			productReference = 659028E720FC62EA00376B0C /* UpdateTableViewWithoutReloadTests.xctest */;
			productType = "com.apple.product-type.bundle.unit-test";
		};
		659028F120FC62EA00376B0C /* UpdateTableViewWithoutReloadUITests */ = {
			isa = PBXNativeTarget;
			buildConfigurationList = 6590290120FC62EA00376B0C /* Build configuration list for PBXNativeTarget "UpdateTableViewWithoutReloadUITests" */;
			buildPhases = (
				659028EE20FC62EA00376B0C /* Sources */,
				659028EF20FC62EA00376B0C /* Frameworks */,
				659028F020FC62EA00376B0C /* Resources */,
			);
			buildRules = (
			);
			dependencies = (
				659028F420FC62EA00376B0C /* PBXTargetDependency */,
			);
			name = UpdateTableViewWithoutReloadUITests;
			productName = UpdateTableViewWithoutReloadUITests;
			productReference = 659028F220FC62EA00376B0C /* UpdateTableViewWithoutReloadUITests.xctest */;
			productType = "com.apple.product-type.bundle.ui-testing";
		};
/* End PBXNativeTarget section */

/* Begin PBXProject section */
		659028CB20FC62E600376B0C /* Project object */ = {
			isa = PBXProject;
			attributes = {
				LastSwiftUpdateCheck = 0940;
				LastUpgradeCheck = 0940;
				ORGANIZATIONNAME = Pasha;
				TargetAttributes = {
					659028D220FC62E600376B0C = {
						CreatedOnToolsVersion = 9.4.1;
					};
					659028E620FC62EA00376B0C = {
						CreatedOnToolsVersion = 9.4.1;
						TestTargetID = 659028D220FC62E600376B0C;
					};
					659028F120FC62EA00376B0C = {
						CreatedOnToolsVersion = 9.4.1;
						TestTargetID = 659028D220FC62E600376B0C;
					};
				};
			};
			buildConfigurationList = 659028CE20FC62E600376B0C /* Build configuration list for PBXProject "UpdateTableViewWithoutReload" */;
			compatibilityVersion = "Xcode 9.3";
			developmentRegion = en;
			hasScannedForEncodings = 0;
			knownRegions = (
				en,
				Base,
			);
			mainGroup = 659028CA20FC62E600376B0C;
			productRefGroup = 659028D420FC62E600376B0C /* Products */;
			projectDirPath = "";
			projectRoot = "";
			targets = (
				659028D220FC62E600376B0C /* UpdateTableViewWithoutReload */,
				659028E620FC62EA00376B0C /* UpdateTableViewWithoutReloadTests */,
				659028F120FC62EA00376B0C /* UpdateTableViewWithoutReloadUITests */,
			);
		};
/* End PBXProject section */

/* Begin PBXResourcesBuildPhase section */
		659028D120FC62E600376B0C /* Resources */ = {
			isa = PBXResourcesBuildPhase;
			buildActionMask = 2147483647;
			files = (
				659028E120FC62E900376B0C /* LaunchScreen.storyboard in Resources */,
				659028DE20FC62E900376B0C /* Assets.xcassets in Resources */,
				659028DC20FC62E600376B0C /* Main.storyboard in Resources */,
			);
			runOnlyForDeploymentPostprocessing = 0;
		};
		659028E520FC62EA00376B0C /* Resources */ = {
			isa = PBXResourcesBuildPhase;
			buildActionMask = 2147483647;
			files = (
			);
			runOnlyForDeploymentPostprocessing = 0;
		};
		659028F020FC62EA00376B0C /* Resources */ = {
			isa = PBXResourcesBuildPhase;
			buildActionMask = 2147483647;
			files = (
			);
			runOnlyForDeploymentPostprocessing = 0;
		};
/* End PBXResourcesBuildPhase section */

/* Begin PBXSourcesBuildPhase section */
		659028CF20FC62E600376B0C /* Sources */ = {
			isa = PBXSourcesBuildPhase;
			buildActionMask = 2147483647;
			files = (
				659028D920FC62E600376B0C /* ViewController.swift in Sources */,
				659028D720FC62E600376B0C /* AppDelegate.swift in Sources */,
			);
			runOnlyForDeploymentPostprocessing = 0;
		};
		659028E320FC62EA00376B0C /* Sources */ = {
			isa = PBXSourcesBuildPhase;
			buildActionMask = 2147483647;
			files = (
				659028EC20FC62EA00376B0C /* UpdateTableViewWithoutReloadTests.swift in Sources */,
			);
			runOnlyForDeploymentPostprocessing = 0;
		};
		659028EE20FC62EA00376B0C /* Sources */ = {
			isa = PBXSourcesBuildPhase;
			buildActionMask = 2147483647;
			files = (
				659028F720FC62EA00376B0C /* UpdateTableViewWithoutReloadUITests.swift in Sources */,
			);
			runOnlyForDeploymentPostprocessing = 0;
		};
/* End PBXSourcesBuildPhase section */

/* Begin PBXTargetDependency section */
		659028E920FC62EA00376B0C /* PBXTargetDependency */ = {
			isa = PBXTargetDependency;
			target = 659028D220FC62E600376B0C /* UpdateTableViewWithoutReload */;
			targetProxy = 659028E820FC62EA00376B0C /* PBXContainerItemProxy */;
		};
		659028F420FC62EA00376B0C /* PBXTargetDependency */ = {
			isa = PBXTargetDependency;
			target = 659028D220FC62E600376B0C /* UpdateTableViewWithoutReload */;
			targetProxy = 659028F320FC62EA00376B0C /* PBXContainerItemProxy */;
		};
/* End PBXTargetDependency section */

/* Begin PBXVariantGroup section */
		659028DA20FC62E600376B0C /* Main.storyboard */ = {
			isa = PBXVariantGroup;
			children = (
				659028DB20FC62E600376B0C /* Base */,
			);
			name = Main.storyboard;
			sourceTree = "<group>";
		};
		659028DF20FC62E900376B0C /* LaunchScreen.storyboard */ = {
			isa = PBXVariantGroup;
			children = (
				659028E020FC62E900376B0C /* Base */,
			);
			name = LaunchScreen.storyboard;
			sourceTree = "<group>";
		};
/* End PBXVariantGroup section */

/* Begin XCBuildConfiguration section */
		659028F920FC62EA00376B0C /* Debug */ = {
			isa = XCBuildConfiguration;
			buildSettings = {
				ALWAYS_SEARCH_USER_PATHS = NO;
				CLANG_ANALYZER_NONNULL = YES;
				CLANG_ANALYZER_NUMBER_OBJECT_CONVERSION = YES_AGGRESSIVE;
				CLANG_CXX_LANGUAGE_STANDARD = "gnu++14";
				CLANG_CXX_LIBRARY = "libc++";
				CLANG_ENABLE_MODULES = YES;
				CLANG_ENABLE_OBJC_ARC = YES;
				CLANG_ENABLE_OBJC_WEAK = YES;
				CLANG_WARN_BLOCK_CAPTURE_AUTORELEASING = YES;
				CLANG_WARN_BOOL_CONVERSION = YES;
				CLANG_WARN_COMMA = YES;
				CLANG_WARN_CONSTANT_CONVERSION = YES;
				CLANG_WARN_DEPRECATED_OBJC_IMPLEMENTATIONS = YES;
				CLANG_WARN_DIRECT_OBJC_ISA_USAGE = YES_ERROR;
				CLANG_WARN_DOCUMENTATION_COMMENTS = YES;
				CLANG_WARN_EMPTY_BODY = YES;
				CLANG_WARN_ENUM_CONVERSION = YES;
				CLANG_WARN_INFINITE_RECURSION = YES;
				CLANG_WARN_INT_CONVERSION = YES;
				CLANG_WARN_NON_LITERAL_NULL_CONVERSION = YES;
				CLANG_WARN_OBJC_IMPLICIT_RETAIN_SELF = YES;
				CLANG_WARN_OBJC_LITERAL_CONVERSION = YES;
				CLANG_WARN_OBJC_ROOT_CLASS = YES_ERROR;
				CLANG_WARN_RANGE_LOOP_ANALYSIS = YES;
				CLANG_WARN_STRICT_PROTOTYPES = YES;
				CLANG_WARN_SUSPICIOUS_MOVE = YES;
				CLANG_WARN_UNGUARDED_AVAILABILITY = YES_AGGRESSIVE;
				CLANG_WARN_UNREACHABLE_CODE = YES;
				CLANG_WARN__DUPLICATE_METHOD_MATCH = YES;
				CODE_SIGN_IDENTITY = "iPhone Developer";
				COPY_PHASE_STRIP = NO;
				DEBUG_INFORMATION_FORMAT = dwarf;
				ENABLE_STRICT_OBJC_MSGSEND = YES;
				ENABLE_TESTABILITY = YES;
				GCC_C_LANGUAGE_STANDARD = gnu11;
				GCC_DYNAMIC_NO_PIC = NO;
				GCC_NO_COMMON_BLOCKS = YES;
				GCC_OPTIMIZATION_LEVEL = 0;
				GCC_PREPROCESSOR_DEFINITIONS = (
					"DEBUG=1",
					"$(inherited)",
				);
				GCC_WARN_64_TO_32_BIT_CONVERSION = YES;
				GCC_WARN_ABOUT_RETURN_TYPE = YES_ERROR;
				GCC_WARN_UNDECLARED_SELECTOR = YES;
				GCC_WARN_UNINITIALIZED_AUTOS = YES_AGGRESSIVE;
				GCC_WARN_UNUSED_FUNCTION = YES;
				GCC_WARN_UNUSED_VARIABLE = YES;
				IPHONEOS_DEPLOYMENT_TARGET = 11.4;
				MTL_ENABLE_DEBUG_INFO = YES;
				ONLY_ACTIVE_ARCH = YES;
				SDKROOT = iphoneos;
				SWIFT_ACTIVE_COMPILATION_CONDITIONS = DEBUG;
				SWIFT_OPTIMIZATION_LEVEL = "-Onone";
			};
			name = Debug;
		};
		659028FA20FC62EA00376B0C /* Release */ = {
			isa = XCBuildConfiguration;
			buildSettings = {
				ALWAYS_SEARCH_USER_PATHS = NO;
				CLANG_ANALYZER_NONNULL = YES;
				CLANG_ANALYZER_NUMBER_OBJECT_CONVERSION = YES_AGGRESSIVE;
				CLANG_CXX_LANGUAGE_STANDARD = "gnu++14";
				CLANG_CXX_LIBRARY = "libc++";
				CLANG_ENABLE_MODULES = YES;
				CLANG_ENABLE_OBJC_ARC = YES;
				CLANG_ENABLE_OBJC_WEAK = YES;
				CLANG_WARN_BLOCK_CAPTURE_AUTORELEASING = YES;
				CLANG_WARN_BOOL_CONVERSION = YES;
				CLANG_WARN_COMMA = YES;
				CLANG_WARN_CONSTANT_CONVERSION = YES;
				CLANG_WARN_DEPRECATED_OBJC_IMPLEMENTATIONS = YES;
				CLANG_WARN_DIRECT_OBJC_ISA_USAGE = YES_ERROR;
				CLANG_WARN_DOCUMENTATION_COMMENTS = YES;
				CLANG_WARN_EMPTY_BODY = YES;
				CLANG_WARN_ENUM_CONVERSION = YES;
				CLANG_WARN_INFINITE_RECURSION = YES;
				CLANG_WARN_INT_CONVERSION = YES;
				CLANG_WARN_NON_LITERAL_NULL_CONVERSION = YES;
				CLANG_WARN_OBJC_IMPLICIT_RETAIN_SELF = YES;
				CLANG_WARN_OBJC_LITERAL_CONVERSION = YES;
				CLANG_WARN_OBJC_ROOT_CLASS = YES_ERROR;
				CLANG_WARN_RANGE_LOOP_ANALYSIS = YES;
				CLANG_WARN_STRICT_PROTOTYPES = YES;
				CLANG_WARN_SUSPICIOUS_MOVE = YES;
				CLANG_WARN_UNGUARDED_AVAILABILITY = YES_AGGRESSIVE;
				CLANG_WARN_UNREACHABLE_CODE = YES;
				CLANG_WARN__DUPLICATE_METHOD_MATCH = YES;
				CODE_SIGN_IDENTITY = "iPhone Developer";
				COPY_PHASE_STRIP = NO;
				DEBUG_INFORMATION_FORMAT = "dwarf-with-dsym";
				ENABLE_NS_ASSERTIONS = NO;
				ENABLE_STRICT_OBJC_MSGSEND = YES;
				GCC_C_LANGUAGE_STANDARD = gnu11;
				GCC_NO_COMMON_BLOCKS = YES;
				GCC_WARN_64_TO_32_BIT_CONVERSION = YES;
				GCC_WARN_ABOUT_RETURN_TYPE = YES_ERROR;
				GCC_WARN_UNDECLARED_SELECTOR = YES;
				GCC_WARN_UNINITIALIZED_AUTOS = YES_AGGRESSIVE;
				GCC_WARN_UNUSED_FUNCTION = YES;
				GCC_WARN_UNUSED_VARIABLE = YES;
				IPHONEOS_DEPLOYMENT_TARGET = 11.4;
				MTL_ENABLE_DEBUG_INFO = NO;
				SDKROOT = iphoneos;
				SWIFT_COMPILATION_MODE = wholemodule;
				SWIFT_OPTIMIZATION_LEVEL = "-O";
				VALIDATE_PRODUCT = YES;
			};
			name = Release;
		};
		659028FC20FC62EA00376B0C /* Debug */ = {
			isa = XCBuildConfiguration;
			buildSettings = {
				ASSETCATALOG_COMPILER_APPICON_NAME = AppIcon;
				CODE_SIGN_STYLE = Automatic;
				INFOPLIST_FILE = UpdateTableViewWithoutReload/Info.plist;
				LD_RUNPATH_SEARCH_PATHS = (
					"$(inherited)",
					"@executable_path/Frameworks",
				);
				PRODUCT_BUNDLE_IDENTIFIER = mycompany.UpdateTableViewWithoutReload;
				PRODUCT_NAME = "$(TARGET_NAME)";
				SWIFT_VERSION = 4.0;
				TARGETED_DEVICE_FAMILY = "1,2";
			};
			name = Debug;
		};
		659028FD20FC62EA00376B0C /* Release */ = {
			isa = XCBuildConfiguration;
			buildSettings = {
				ASSETCATALOG_COMPILER_APPICON_NAME = AppIcon;
				CODE_SIGN_STYLE = Automatic;
				INFOPLIST_FILE = UpdateTableViewWithoutReload/Info.plist;
				LD_RUNPATH_SEARCH_PATHS = (
					"$(inherited)",
					"@executable_path/Frameworks",
				);
				PRODUCT_BUNDLE_IDENTIFIER = mycompany.UpdateTableViewWithoutReload;
				PRODUCT_NAME = "$(TARGET_NAME)";
				SWIFT_VERSION = 4.0;
				TARGETED_DEVICE_FAMILY = "1,2";
			};
			name = Release;
		};
		659028FF20FC62EA00376B0C /* Debug */ = {
			isa = XCBuildConfiguration;
			buildSettings = {
				ALWAYS_EMBED_SWIFT_STANDARD_LIBRARIES = YES;
				BUNDLE_LOADER = "$(TEST_HOST)";
				CODE_SIGN_STYLE = Automatic;
				INFOPLIST_FILE = UpdateTableViewWithoutReloadTests/Info.plist;
				LD_RUNPATH_SEARCH_PATHS = (
					"$(inherited)",
					"@executable_path/Frameworks",
					"@loader_path/Frameworks",
				);
				PRODUCT_BUNDLE_IDENTIFIER = mycompany.UpdateTableViewWithoutReloadTests;
				PRODUCT_NAME = "$(TARGET_NAME)";
				SWIFT_VERSION = 4.0;
				TARGETED_DEVICE_FAMILY = "1,2";
				TEST_HOST = "$(BUILT_PRODUCTS_DIR)/UpdateTableViewWithoutReload.app/UpdateTableViewWithoutReload";
			};
			name = Debug;
		};
		6590290020FC62EA00376B0C /* Release */ = {
			isa = XCBuildConfiguration;
			buildSettings = {
				ALWAYS_EMBED_SWIFT_STANDARD_LIBRARIES = YES;
				BUNDLE_LOADER = "$(TEST_HOST)";
				CODE_SIGN_STYLE = Automatic;
				INFOPLIST_FILE = UpdateTableViewWithoutReloadTests/Info.plist;
				LD_RUNPATH_SEARCH_PATHS = (
					"$(inherited)",
					"@executable_path/Frameworks",
					"@loader_path/Frameworks",
				);
				PRODUCT_BUNDLE_IDENTIFIER = mycompany.UpdateTableViewWithoutReloadTests;
				PRODUCT_NAME = "$(TARGET_NAME)";
				SWIFT_VERSION = 4.0;
				TARGETED_DEVICE_FAMILY = "1,2";
				TEST_HOST = "$(BUILT_PRODUCTS_DIR)/UpdateTableViewWithoutReload.app/UpdateTableViewWithoutReload";
			};
			name = Release;
		};
		6590290220FC62EA00376B0C /* Debug */ = {
			isa = XCBuildConfiguration;
			buildSettings = {
				ALWAYS_EMBED_SWIFT_STANDARD_LIBRARIES = YES;
				CODE_SIGN_STYLE = Automatic;
				INFOPLIST_FILE = UpdateTableViewWithoutReloadUITests/Info.plist;
				LD_RUNPATH_SEARCH_PATHS = (
					"$(inherited)",
					"@executable_path/Frameworks",
					"@loader_path/Frameworks",
				);
				PRODUCT_BUNDLE_IDENTIFIER = mycompany.UpdateTableViewWithoutReloadUITests;
				PRODUCT_NAME = "$(TARGET_NAME)";
				SWIFT_VERSION = 4.0;
				TARGETED_DEVICE_FAMILY = "1,2";
				TEST_TARGET_NAME = UpdateTableViewWithoutReload;
			};
			name = Debug;
		};
		6590290320FC62EA00376B0C /* Release */ = {
			isa = XCBuildConfiguration;
			buildSettings = {
				ALWAYS_EMBED_SWIFT_STANDARD_LIBRARIES = YES;
				CODE_SIGN_STYLE = Automatic;
				INFOPLIST_FILE = UpdateTableViewWithoutReloadUITests/Info.plist;
				LD_RUNPATH_SEARCH_PATHS = (
					"$(inherited)",
					"@executable_path/Frameworks",
					"@loader_path/Frameworks",
				);
				PRODUCT_BUNDLE_IDENTIFIER = mycompany.UpdateTableViewWithoutReloadUITests;
				PRODUCT_NAME = "$(TARGET_NAME)";
				SWIFT_VERSION = 4.0;
				TARGETED_DEVICE_FAMILY = "1,2";
				TEST_TARGET_NAME = UpdateTableViewWithoutReload;
			};
			name = Release;
		};
/* End XCBuildConfiguration section */

/* Begin XCConfigurationList section */
		659028CE20FC62E600376B0C /* Build configuration list for PBXProject "UpdateTableViewWithoutReload" */ = {
			isa = XCConfigurationList;
			buildConfigurations = (
				659028F920FC62EA00376B0C /* Debug */,
				659028FA20FC62EA00376B0C /* Release */,
			);
			defaultConfigurationIsVisible = 0;
			defaultConfigurationName = Release;
		};
		659028FB20FC62EA00376B0C /* Build configuration list for PBXNativeTarget "UpdateTableViewWithoutReload" */ = {
			isa = XCConfigurationList;
			buildConfigurations = (
				659028FC20FC62EA00376B0C /* Debug */,
				659028FD20FC62EA00376B0C /* Release */,
			);
			defaultConfigurationIsVisible = 0;
			defaultConfigurationName = Release;
		};
		659028FE20FC62EA00376B0C /* Build configuration list for PBXNativeTarget "UpdateTableViewWithoutReloadTests" */ = {
			isa = XCConfigurationList;
			buildConfigurations = (
				659028FF20FC62EA00376B0C /* Debug */,
				6590290020FC62EA00376B0C /* Release */,
			);
			defaultConfigurationIsVisible = 0;
			defaultConfigurationName = Release;
		};
		6590290120FC62EA00376B0C /* Build configuration list for PBXNativeTarget "UpdateTableViewWithoutReloadUITests" */ = {
			isa = XCConfigurationList;
			buildConfigurations = (
				6590290220FC62EA00376B0C /* Debug */,
				6590290320FC62EA00376B0C /* Release */,
			);
			defaultConfigurationIsVisible = 0;
			defaultConfigurationName = Release;
		};
/* End XCConfigurationList section */
	};
	rootObject = 659028CB20FC62E600376B0C /* Project object */;
}
